
Microsoft Visual Studio Solution File, Format Version 12.00
# Visual Studio Version 17
VisualStudioVersion = 17.0.31521.260
MinimumVisualStudioVersion = 10.0.40219.1
Project("{FAE04EC0-301F-11D3-BF4B-00C04F79EFBC}") = "ToDoApp.WebApi", "ToDoApp.WebApi.csproj", "{1CE0CD37-9173-46D7-94FA-D3E953525B28}"
EndProject
Project("{FAE04EC0-301F-11D3-BF4B-00C04F79EFBC}") = "ToDoApp.Data", "..\ToDoApp.Data\ToDoApp.Data.csproj", "{6C607086-6E59-4F07-AFD1-2039687DDECA}"
EndProject
Global
	GlobalSection(SolutionConfigurationPlatforms) = preSolution
		Debug|Any CPU = Debug|Any CPU
		Release|Any CPU = Release|Any CPU
	EndGlobalSection
	GlobalSection(ProjectConfigurationPlatforms) = postSolution
		{1CE0CD37-9173-46D7-94FA-D3E953525B28}.Debug|Any CPU.ActiveCfg = Debug|Any CPU
		{1CE0CD37-9173-46D7-94FA-D3E953525B28}.Debug|Any CPU.Build.0 = Debug|Any CPU
		{1CE0CD37-9173-46D7-94FA-D3E953525B28}.Release|Any CPU.ActiveCfg = Release|Any CPU
		{1CE0CD37-9173-46D7-94FA-D3E953525B28}.Release|Any CPU.Build.0 = Release|Any CPU
		{6C607086-6E59-4F07-AFD1-2039687DDECA}.Debug|Any CPU.ActiveCfg = Debug|Any CPU
		{6C607086-6E59-4F07-AFD1-2039687DDECA}.Debug|Any CPU.Build.0 = Debug|Any CPU
		{6C607086-6E59-4F07-AFD1-2039687DDECA}.Release|Any CPU.ActiveCfg = Release|Any CPU
		{6C607086-6E59-4F07-AFD1-2039687DDECA}.Release|Any CPU.Build.0 = Release|Any CPU
	EndGlobalSection
	GlobalSection(SolutionProperties) = preSolution
		HideSolutionNode = FALSE
	EndGlobalSection
	GlobalSection(ExtensibilityGlobals) = postSolution
		SolutionGuid = {49396E3D-13D2-435A-A25E-4BF5BA80F47C}
	EndGlobalSection
EndGlobal
